
Microsoft Visual Studio Solution File, Format Version 12.00
# Visual Studio Version 16
VisualStudioVersion = 16.0.29424.173
MinimumVisualStudioVersion = 10.0.40219.1
Project("{9A19103F-16F7-4668-BE54-9A1E7A4F7556}") = "ZemberekDotNet.Core", "ZemberekDotNet.Core\ZemberekDotNet.Core.csproj", "{5C61CCB8-E9F0-4CC7-8F2B-095FF92A657D}"
EndProject
Project("{9A19103F-16F7-4668-BE54-9A1E7A4F7556}") = "ZemberekDotNet.Core.Tests", "ZemberekDotNet.Core.Tests\ZemberekDotNet.Core.Tests.csproj", "{131042A9-6119-4163-9B1B-1C4E4BC14850}"
EndProject
Project("{9A19103F-16F7-4668-BE54-9A1E7A4F7556}") = "ZemberekDotNet.Morphology", "ZemberekDotNet.Morphology\ZemberekDotNet.Morphology.csproj", "{BBED42A9-E873-4060-A253-CDD82B8AEFE6}"
EndProject
Project("{9A19103F-16F7-4668-BE54-9A1E7A4F7556}") = "ZemberekDotNet.Morphology.Tests", "ZemberekDotNet.Morphology.Tests\ZemberekDotNet.Morphology.Tests.csproj", "{D0A8E4C4-3958-4DC6-8166-AB1054AC08D9}"
EndProject
Project("{9A19103F-16F7-4668-BE54-9A1E7A4F7556}") = "ZemberekDotNet.Tokenization", "ZemberekDotNet.Tokenization\ZemberekDotNet.Tokenization.csproj", "{73291DD3-BD82-473C-B195-F1044A7582B0}"
EndProject
Project("{9A19103F-16F7-4668-BE54-9A1E7A4F7556}") = "ZemberekDotNet.Tokenization.Tests", "ZemberekDotNet.Tokenization.Tests\ZemberekDotNet.Tokenization.Tests.csproj", "{C93BC0C6-3686-4737-88AD-D3F26D29A5F7}"
EndProject
Project("{9A19103F-16F7-4668-BE54-9A1E7A4F7556}") = "ZemberekDotNet.Normalization", "ZemberekDotNet.Normalization\ZemberekDotNet.Normalization.csproj", "{2E9B4F3C-48FC-4B81-B715-6AEF85E11C26}"
EndProject
Project("{9A19103F-16F7-4668-BE54-9A1E7A4F7556}") = "ZemberekDotNet.Normalization.Tests", "ZemberekDotNet.Normalization.Tests\ZemberekDotNet.Normalization.Tests.csproj", "{A22D91A2-358B-4371-B2A6-8A9A2A3D573C}"
EndProject
Project("{9A19103F-16F7-4668-BE54-9A1E7A4F7556}") = "ZemberekDotNet.NER", "ZemberekDotNet.NER\ZemberekDotNet.NER.csproj", "{564CE681-9A9F-41D4-B7FD-315B09E70299}"
EndProject
Project("{9A19103F-16F7-4668-BE54-9A1E7A4F7556}") = "ZemberekDotNet.NER.Tests", "ZemberekDotNet.NER.Tests\ZemberekDotNet.NER.Tests.csproj", "{5FCAA68A-5455-4E6E-B215-9DF069202452}"
EndProject
Project("{9A19103F-16F7-4668-BE54-9A1E7A4F7556}") = "ZemberekDotNet.Classification", "ZemberekDotNet.Classification\ZemberekDotNet.Classification.csproj", "{B25E5E59-4E76-440E-B078-BB0811A02385}"
EndProject
Project("{9A19103F-16F7-4668-BE54-9A1E7A4F7556}") = "ZemberekDotNet.Classification.Tests", "ZemberekDotNet.Classification.Tests\ZemberekDotNet.Classification.Tests.csproj", "{CD4D5631-7C79-4C02-BAD1-E90EE18A1E77}"
EndProject
Project("{9A19103F-16F7-4668-BE54-9A1E7A4F7556}") = "ZemberekDotNet.LangID", "ZemberekDotNet.LangID\ZemberekDotNet.LangID.csproj", "{79BE42A5-7181-46B1-9E5A-672DB291AC65}"
EndProject
Project("{9A19103F-16F7-4668-BE54-9A1E7A4F7556}") = "ZemberekDotNet.LangID.Tests", "ZemberekDotNet.LangID.Tests\ZemberekDotNet.LangID.Tests.csproj", "{7899EC36-67D5-4507-9CDC-69E6AAD6612C}"
EndProject
Project("{9A19103F-16F7-4668-BE54-9A1E7A4F7556}") = "ZemberekDotNet.LM", "ZemberekDotNet.LM\ZemberekDotNet.LM.csproj", "{1645972C-3F67-49EF-8986-64561E3EB162}"
EndProject
Project("{9A19103F-16F7-4668-BE54-9A1E7A4F7556}") = "ZemberekDotNet.LM.Tests", "ZemberekDotNet.LM.Tests\ZemberekDotNet.LM.Tests.csproj", "{8F14C186-E862-4AB9-9CB9-36D3169487B0}"
EndProject
Project("{9A19103F-16F7-4668-BE54-9A1E7A4F7556}") = "ZemberekDotNet.All", "ZemberekDotNet.All\ZemberekDotNet.All.csproj", "{91313744-F5DF-44D0-8A18-50E1EABC182E}"
EndProject
Project("{9A19103F-16F7-4668-BE54-9A1E7A4F7556}") = "ZemberekDotNet.All.Tests", "ZemberekDotNet.All.Tests\ZemberekDotNet.All.Tests.csproj", "{A1B2C3D4-E5F6-7890-ABCD-EF1234567890}"
EndProject
Project("{FAE04EC0-301F-11D3-BF4B-00C04F79EFBC}") = "ZemberekDotNet.Examples.Classification", "ZemberekDotNet.Examples.Classification\ZemberekDotNet.Examples.Classification.csproj", "{06452F27-AB6C-48D8-9223-F4D3AEBD01CE}"
EndProject
Project("{FAE04EC0-301F-11D3-BF4B-00C04F79EFBC}") = "ZemberekDotNet.Apps", "ZemberekDotNet.Apps\ZemberekDotNet.Apps.csproj", "{CA2B6C59-36AB-4E6B-8CF5-C643079ECFF9}"
EndProject
Project("{FAE04EC0-301F-11D3-BF4B-00C04F79EFBC}") = "ZemberekDotNet.Examples.Morphology", "ZemberekDotNet.Examples.Morphology\ZemberekDotNet.Examples.Morphology.csproj", "{E3D082EF-EAAD-415B-BDAC-818538D41E9B}"
EndProject
Project("{FAE04EC0-301F-11D3-BF4B-00C04F79EFBC}") = "ZemberekDotNet.Examples.Tokenization", "ZemberekDotNet.Examples.Tokenization\ZemberekDotNet.Examples.Tokenization.csproj", "{F58AA4E3-1731-44AC-AE06-78412495F140}"
EndProject
Project("{FAE04EC0-301F-11D3-BF4B-00C04F79EFBC}") = "ZemberekDotNet.Examples.LangID", "ZemberekDotNet.Examples.LangID\ZemberekDotNet.Examples.LangID.csproj", "{66993AAB-B96C-48D7-917E-A1865ABFDCB1}"
EndProject
Project("{FAE04EC0-301F-11D3-BF4B-00C04F79EFBC}") = "ZemberekDotNet.Examples.NER", "ZemberekDotNet.Examples.NER\ZemberekDotNet.Examples.NER.csproj", "{03BDCAF9-62A3-48DA-98E1-BBA4D0380B48}"
EndProject
Project("{FAE04EC0-301F-11D3-BF4B-00C04F79EFBC}") = "ZemberekDotNet.Examples.Normalization", "ZemberekDotNet.Examples.Normalization\ZemberekDotNet.Examples.Normalization.csproj", "{383DB7C1-571A-43E6-8E0B-84CE32674203}"
EndProject
Project("{FAE04EC0-301F-11D3-BF4B-00C04F79EFBC}") = "ZemberekDotNet.Examples.Pipeline", "ZemberekDotNet.Examples.Pipeline\ZemberekDotNet.Examples.Pipeline.csproj", "{D74FA3E6-1612-4178-83FD-0A3F9E9B3855}"
EndProject
Project("{FAE04EC0-301F-11D3-BF4B-00C04F79EFBC}") = "ZemberekDotNet.Apps.Tests", "ZemberekDotNet.Apps.Tests\ZemberekDotNet.Apps.Tests.csproj", "{880254FB-5FF5-4E1A-B05F-9FC40CD56422}"
EndProject
Global
	GlobalSection(SolutionConfigurationPlatforms) = preSolution
		Debug|Any CPU = Debug|Any CPU
		Debug|x64 = Debug|x64
		Debug|x86 = Debug|x86
		Release|Any CPU = Release|Any CPU
		Release|x64 = Release|x64
		Release|x86 = Release|x86
	EndGlobalSection
	GlobalSection(ProjectConfigurationPlatforms) = postSolution
		{5C61CCB8-E9F0-4CC7-8F2B-095FF92A657D}.Debug|Any CPU.ActiveCfg = Debug|Any CPU
		{5C61CCB8-E9F0-4CC7-8F2B-095FF92A657D}.Debug|Any CPU.Build.0 = Debug|Any CPU
		{5C61CCB8-E9F0-4CC7-8F2B-095FF92A657D}.Debug|x64.ActiveCfg = Debug|Any CPU
		{5C61CCB8-E9F0-4CC7-8F2B-095FF92A657D}.Debug|x64.Build.0 = Debug|Any CPU
		{5C61CCB8-E9F0-4CC7-8F2B-095FF92A657D}.Debug|x86.ActiveCfg = Debug|Any CPU
		{5C61CCB8-E9F0-4CC7-8F2B-095FF92A657D}.Debug|x86.Build.0 = Debug|Any CPU
		{5C61CCB8-E9F0-4CC7-8F2B-095FF92A657D}.Release|Any CPU.ActiveCfg = Release|Any CPU
		{5C61CCB8-E9F0-4CC7-8F2B-095FF92A657D}.Release|Any CPU.Build.0 = Release|Any CPU
		{5C61CCB8-E9F0-4CC7-8F2B-095FF92A657D}.Release|x64.ActiveCfg = Release|Any CPU
		{5C61CCB8-E9F0-4CC7-8F2B-095FF92A657D}.Release|x64.Build.0 = Release|Any CPU
		{5C61CCB8-E9F0-4CC7-8F2B-095FF92A657D}.Release|x86.ActiveCfg = Release|Any CPU
		{5C61CCB8-E9F0-4CC7-8F2B-095FF92A657D}.Release|x86.Build.0 = Release|Any CPU
		{131042A9-6119-4163-9B1B-1C4E4BC14850}.Debug|Any CPU.ActiveCfg = Debug|Any CPU
		{131042A9-6119-4163-9B1B-1C4E4BC14850}.Debug|Any CPU.Build.0 = Debug|Any CPU
		{131042A9-6119-4163-9B1B-1C4E4BC14850}.Debug|x64.ActiveCfg = Debug|Any CPU
		{131042A9-6119-4163-9B1B-1C4E4BC14850}.Debug|x64.Build.0 = Debug|Any CPU
		{131042A9-6119-4163-9B1B-1C4E4BC14850}.Debug|x86.ActiveCfg = Debug|Any CPU
		{131042A9-6119-4163-9B1B-1C4E4BC14850}.Debug|x86.Build.0 = Debug|Any CPU
		{131042A9-6119-4163-9B1B-1C4E4BC14850}.Release|Any CPU.ActiveCfg = Release|Any CPU
		{131042A9-6119-4163-9B1B-1C4E4BC14850}.Release|Any CPU.Build.0 = Release|Any CPU
		{131042A9-6119-4163-9B1B-1C4E4BC14850}.Release|x64.ActiveCfg = Release|Any CPU
		{131042A9-6119-4163-9B1B-1C4E4BC14850}.Release|x64.Build.0 = Release|Any CPU
		{131042A9-6119-4163-9B1B-1C4E4BC14850}.Release|x86.ActiveCfg = Release|Any CPU
		{131042A9-6119-4163-9B1B-1C4E4BC14850}.Release|x86.Build.0 = Release|Any CPU
		{BBED42A9-E873-4060-A253-CDD82B8AEFE6}.Debug|Any CPU.ActiveCfg = Debug|Any CPU
		{BBED42A9-E873-4060-A253-CDD82B8AEFE6}.Debug|Any CPU.Build.0 = Debug|Any CPU
		{BBED42A9-E873-4060-A253-CDD82B8AEFE6}.Debug|x64.ActiveCfg = Debug|Any CPU
		{BBED42A9-E873-4060-A253-CDD82B8AEFE6}.Debug|x64.Build.0 = Debug|Any CPU
		{BBED42A9-E873-4060-A253-CDD82B8AEFE6}.Debug|x86.ActiveCfg = Debug|Any CPU
		{BBED42A9-E873-4060-A253-CDD82B8AEFE6}.Debug|x86.Build.0 = Debug|Any CPU
		{BBED42A9-E873-4060-A253-CDD82B8AEFE6}.Release|Any CPU.ActiveCfg = Release|Any CPU
		{BBED42A9-E873-4060-A253-CDD82B8AEFE6}.Release|Any CPU.Build.0 = Release|Any CPU
		{BBED42A9-E873-4060-A253-CDD82B8AEFE6}.Release|x64.ActiveCfg = Release|Any CPU
		{BBED42A9-E873-4060-A253-CDD82B8AEFE6}.Release|x64.Build.0 = Release|Any CPU
		{BBED42A9-E873-4060-A253-CDD82B8AEFE6}.Release|x86.ActiveCfg = Release|Any CPU
		{BBED42A9-E873-4060-A253-CDD82B8AEFE6}.Release|x86.Build.0 = Release|Any CPU
		{D0A8E4C4-3958-4DC6-8166-AB1054AC08D9}.Debug|Any CPU.ActiveCfg = Debug|Any CPU
		{D0A8E4C4-3958-4DC6-8166-AB1054AC08D9}.Debug|Any CPU.Build.0 = Debug|Any CPU
		{D0A8E4C4-3958-4DC6-8166-AB1054AC08D9}.Debug|x64.ActiveCfg = Debug|Any CPU
		{D0A8E4C4-3958-4DC6-8166-AB1054AC08D9}.Debug|x64.Build.0 = Debug|Any CPU
		{D0A8E4C4-3958-4DC6-8166-AB1054AC08D9}.Debug|x86.ActiveCfg = Debug|Any CPU
		{D0A8E4C4-3958-4DC6-8166-AB1054AC08D9}.Debug|x86.Build.0 = Debug|Any CPU
		{D0A8E4C4-3958-4DC6-8166-AB1054AC08D9}.Release|Any CPU.ActiveCfg = Release|Any CPU
		{D0A8E4C4-3958-4DC6-8166-AB1054AC08D9}.Release|Any CPU.Build.0 = Release|Any CPU
		{D0A8E4C4-3958-4DC6-8166-AB1054AC08D9}.Release|x64.ActiveCfg = Release|Any CPU
		{D0A8E4C4-3958-4DC6-8166-AB1054AC08D9}.Release|x64.Build.0 = Release|Any CPU
		{D0A8E4C4-3958-4DC6-8166-AB1054AC08D9}.Release|x86.ActiveCfg = Release|Any CPU
		{D0A8E4C4-3958-4DC6-8166-AB1054AC08D9}.Release|x86.Build.0 = Release|Any CPU
		{73291DD3-BD82-473C-B195-F1044A7582B0}.Debug|Any CPU.ActiveCfg = Debug|Any CPU
		{73291DD3-BD82-473C-B195-F1044A7582B0}.Debug|Any CPU.Build.0 = Debug|Any CPU
		{73291DD3-BD82-473C-B195-F1044A7582B0}.Debug|x64.ActiveCfg = Debug|Any CPU
		{73291DD3-BD82-473C-B195-F1044A7582B0}.Debug|x64.Build.0 = Debug|Any CPU
		{73291DD3-BD82-473C-B195-F1044A7582B0}.Debug|x86.ActiveCfg = Debug|Any CPU
		{73291DD3-BD82-473C-B195-F1044A7582B0}.Debug|x86.Build.0 = Debug|Any CPU
		{73291DD3-BD82-473C-B195-F1044A7582B0}.Release|Any CPU.ActiveCfg = Release|Any CPU
		{73291DD3-BD82-473C-B195-F1044A7582B0}.Release|Any CPU.Build.0 = Release|Any CPU
		{73291DD3-BD82-473C-B195-F1044A7582B0}.Release|x64.ActiveCfg = Release|Any CPU
		{73291DD3-BD82-473C-B195-F1044A7582B0}.Release|x64.Build.0 = Release|Any CPU
		{73291DD3-BD82-473C-B195-F1044A7582B0}.Release|x86.ActiveCfg = Release|Any CPU
		{73291DD3-BD82-473C-B195-F1044A7582B0}.Release|x86.Build.0 = Release|Any CPU
		{C93BC0C6-3686-4737-88AD-D3F26D29A5F7}.Debug|Any CPU.ActiveCfg = Debug|Any CPU
		{C93BC0C6-3686-4737-88AD-D3F26D29A5F7}.Debug|Any CPU.Build.0 = Debug|Any CPU
		{C93BC0C6-3686-4737-88AD-D3F26D29A5F7}.Debug|x64.ActiveCfg = Debug|Any CPU
		{C93BC0C6-3686-4737-88AD-D3F26D29A5F7}.Debug|x64.Build.0 = Debug|Any CPU
		{C93BC0C6-3686-4737-88AD-D3F26D29A5F7}.Debug|x86.ActiveCfg = Debug|Any CPU
		{C93BC0C6-3686-4737-88AD-D3F26D29A5F7}.Debug|x86.Build.0 = Debug|Any CPU
		{C93BC0C6-3686-4737-88AD-D3F26D29A5F7}.Release|Any CPU.ActiveCfg = Release|Any CPU
		{C93BC0C6-3686-4737-88AD-D3F26D29A5F7}.Release|Any CPU.Build.0 = Release|Any CPU
		{C93BC0C6-3686-4737-88AD-D3F26D29A5F7}.Release|x64.ActiveCfg = Release|Any CPU
		{C93BC0C6-3686-4737-88AD-D3F26D29A5F7}.Release|x64.Build.0 = Release|Any CPU
		{C93BC0C6-3686-4737-88AD-D3F26D29A5F7}.Release|x86.ActiveCfg = Release|Any CPU
		{C93BC0C6-3686-4737-88AD-D3F26D29A5F7}.Release|x86.Build.0 = Release|Any CPU
		{2E9B4F3C-48FC-4B81-B715-6AEF85E11C26}.Debug|Any CPU.ActiveCfg = Debug|Any CPU
		{2E9B4F3C-48FC-4B81-B715-6AEF85E11C26}.Debug|Any CPU.Build.0 = Debug|Any CPU
		{2E9B4F3C-48FC-4B81-B715-6AEF85E11C26}.Debug|x64.ActiveCfg = Debug|Any CPU
		{2E9B4F3C-48FC-4B81-B715-6AEF85E11C26}.Debug|x64.Build.0 = Debug|Any CPU
		{2E9B4F3C-48FC-4B81-B715-6AEF85E11C26}.Debug|x86.ActiveCfg = Debug|Any CPU
		{2E9B4F3C-48FC-4B81-B715-6AEF85E11C26}.Debug|x86.Build.0 = Debug|Any CPU
		{2E9B4F3C-48FC-4B81-B715-6AEF85E11C26}.Release|Any CPU.ActiveCfg = Release|Any CPU
		{2E9B4F3C-48FC-4B81-B715-6AEF85E11C26}.Release|Any CPU.Build.0 = Release|Any CPU
		{2E9B4F3C-48FC-4B81-B715-6AEF85E11C26}.Release|x64.ActiveCfg = Release|Any CPU
		{2E9B4F3C-48FC-4B81-B715-6AEF85E11C26}.Release|x64.Build.0 = Release|Any CPU
		{2E9B4F3C-48FC-4B81-B715-6AEF85E11C26}.Release|x86.ActiveCfg = Release|Any CPU
		{2E9B4F3C-48FC-4B81-B715-6AEF85E11C26}.Release|x86.Build.0 = Release|Any CPU
		{A22D91A2-358B-4371-B2A6-8A9A2A3D573C}.Debug|Any CPU.ActiveCfg = Debug|Any CPU
		{A22D91A2-358B-4371-B2A6-8A9A2A3D573C}.Debug|Any CPU.Build.0 = Debug|Any CPU
		{A22D91A2-358B-4371-B2A6-8A9A2A3D573C}.Debug|x64.ActiveCfg = Debug|Any CPU
		{A22D91A2-358B-4371-B2A6-8A9A2A3D573C}.Debug|x64.Build.0 = Debug|Any CPU
		{A22D91A2-358B-4371-B2A6-8A9A2A3D573C}.Debug|x86.ActiveCfg = Debug|Any CPU
		{A22D91A2-358B-4371-B2A6-8A9A2A3D573C}.Debug|x86.Build.0 = Debug|Any CPU
		{A22D91A2-358B-4371-B2A6-8A9A2A3D573C}.Release|Any CPU.ActiveCfg = Release|Any CPU
		{A22D91A2-358B-4371-B2A6-8A9A2A3D573C}.Release|Any CPU.Build.0 = Release|Any CPU
		{A22D91A2-358B-4371-B2A6-8A9A2A3D573C}.Release|x64.ActiveCfg = Release|Any CPU
		{A22D91A2-358B-4371-B2A6-8A9A2A3D573C}.Release|x64.Build.0 = Release|Any CPU
		{A22D91A2-358B-4371-B2A6-8A9A2A3D573C}.Release|x86.ActiveCfg = Release|Any CPU
		{A22D91A2-358B-4371-B2A6-8A9A2A3D573C}.Release|x86.Build.0 = Release|Any CPU
		{564CE681-9A9F-41D4-B7FD-315B09E70299}.Debug|Any CPU.ActiveCfg = Debug|Any CPU
		{564CE681-9A9F-41D4-B7FD-315B09E70299}.Debug|Any CPU.Build.0 = Debug|Any CPU
		{564CE681-9A9F-41D4-B7FD-315B09E70299}.Debug|x64.ActiveCfg = Debug|Any CPU
		{564CE681-9A9F-41D4-B7FD-315B09E70299}.Debug|x64.Build.0 = Debug|Any CPU
		{564CE681-9A9F-41D4-B7FD-315B09E70299}.Debug|x86.ActiveCfg = Debug|Any CPU
		{564CE681-9A9F-41D4-B7FD-315B09E70299}.Debug|x86.Build.0 = Debug|Any CPU
		{564CE681-9A9F-41D4-B7FD-315B09E70299}.Release|Any CPU.ActiveCfg = Release|Any CPU
		{564CE681-9A9F-41D4-B7FD-315B09E70299}.Release|Any CPU.Build.0 = Release|Any CPU
		{564CE681-9A9F-41D4-B7FD-315B09E70299}.Release|x64.ActiveCfg = Release|Any CPU
		{564CE681-9A9F-41D4-B7FD-315B09E70299}.Release|x64.Build.0 = Release|Any CPU
		{564CE681-9A9F-41D4-B7FD-315B09E70299}.Release|x86.ActiveCfg = Release|Any CPU
		{564CE681-9A9F-41D4-B7FD-315B09E70299}.Release|x86.Build.0 = Release|Any CPU
		{5FCAA68A-5455-4E6E-B215-9DF069202452}.Debug|Any CPU.ActiveCfg = Debug|Any CPU
		{5FCAA68A-5455-4E6E-B215-9DF069202452}.Debug|Any CPU.Build.0 = Debug|Any CPU
		{5FCAA68A-5455-4E6E-B215-9DF069202452}.Debug|x64.ActiveCfg = Debug|Any CPU
		{5FCAA68A-5455-4E6E-B215-9DF069202452}.Debug|x64.Build.0 = Debug|Any CPU
		{5FCAA68A-5455-4E6E-B215-9DF069202452}.Debug|x86.ActiveCfg = Debug|Any CPU
		{5FCAA68A-5455-4E6E-B215-9DF069202452}.Debug|x86.Build.0 = Debug|Any CPU
		{5FCAA68A-5455-4E6E-B215-9DF069202452}.Release|Any CPU.ActiveCfg = Release|Any CPU
		{5FCAA68A-5455-4E6E-B215-9DF069202452}.Release|Any CPU.Build.0 = Release|Any CPU
		{5FCAA68A-5455-4E6E-B215-9DF069202452}.Release|x64.ActiveCfg = Release|Any CPU
		{5FCAA68A-5455-4E6E-B215-9DF069202452}.Release|x64.Build.0 = Release|Any CPU
		{5FCAA68A-5455-4E6E-B215-9DF069202452}.Release|x86.ActiveCfg = Release|Any CPU
		{5FCAA68A-5455-4E6E-B215-9DF069202452}.Release|x86.Build.0 = Release|Any CPU
		{B25E5E59-4E76-440E-B078-BB0811A02385}.Debug|Any CPU.ActiveCfg = Debug|Any CPU
		{B25E5E59-4E76-440E-B078-BB0811A02385}.Debug|Any CPU.Build.0 = Debug|Any CPU
		{B25E5E59-4E76-440E-B078-BB0811A02385}.Debug|x64.ActiveCfg = Debug|Any CPU
		{B25E5E59-4E76-440E-B078-BB0811A02385}.Debug|x64.Build.0 = Debug|Any CPU
		{B25E5E59-4E76-440E-B078-BB0811A02385}.Debug|x86.ActiveCfg = Debug|Any CPU
		{B25E5E59-4E76-440E-B078-BB0811A02385}.Debug|x86.Build.0 = Debug|Any CPU
		{B25E5E59-4E76-440E-B078-BB0811A02385}.Release|Any CPU.ActiveCfg = Release|Any CPU
		{B25E5E59-4E76-440E-B078-BB0811A02385}.Release|Any CPU.Build.0 = Release|Any CPU
		{B25E5E59-4E76-440E-B078-BB0811A02385}.Release|x64.ActiveCfg = Release|Any CPU
		{B25E5E59-4E76-440E-B078-BB0811A02385}.Release|x64.Build.0 = Release|Any CPU
		{B25E5E59-4E76-440E-B078-BB0811A02385}.Release|x86.ActiveCfg = Release|Any CPU
		{B25E5E59-4E76-440E-B078-BB0811A02385}.Release|x86.Build.0 = Release|Any CPU
		{CD4D5631-7C79-4C02-BAD1-E90EE18A1E77}.Debug|Any CPU.ActiveCfg = Debug|Any CPU
		{CD4D5631-7C79-4C02-BAD1-E90EE18A1E77}.Debug|Any CPU.Build.0 = Debug|Any CPU
		{CD4D5631-7C79-4C02-BAD1-E90EE18A1E77}.Debug|x64.ActiveCfg = Debug|Any CPU
		{CD4D5631-7C79-4C02-BAD1-E90EE18A1E77}.Debug|x64.Build.0 = Debug|Any CPU
		{CD4D5631-7C79-4C02-BAD1-E90EE18A1E77}.Debug|x86.ActiveCfg = Debug|Any CPU
		{CD4D5631-7C79-4C02-BAD1-E90EE18A1E77}.Debug|x86.Build.0 = Debug|Any CPU
		{CD4D5631-7C79-4C02-BAD1-E90EE18A1E77}.Release|Any CPU.ActiveCfg = Release|Any CPU
		{CD4D5631-7C79-4C02-BAD1-E90EE18A1E77}.Release|Any CPU.Build.0 = Release|Any CPU
		{CD4D5631-7C79-4C02-BAD1-E90EE18A1E77}.Release|x64.ActiveCfg = Release|Any CPU
		{CD4D5631-7C79-4C02-BAD1-E90EE18A1E77}.Release|x64.Build.0 = Release|Any CPU
		{CD4D5631-7C79-4C02-BAD1-E90EE18A1E77}.Release|x86.ActiveCfg = Release|Any CPU
		{CD4D5631-7C79-4C02-BAD1-E90EE18A1E77}.Release|x86.Build.0 = Release|Any CPU
		{79BE42A5-7181-46B1-9E5A-672DB291AC65}.Debug|Any CPU.ActiveCfg = Debug|Any CPU
		{79BE42A5-7181-46B1-9E5A-672DB291AC65}.Debug|Any CPU.Build.0 = Debug|Any CPU
		{79BE42A5-7181-46B1-9E5A-672DB291AC65}.Debug|x64.ActiveCfg = Debug|Any CPU
		{79BE42A5-7181-46B1-9E5A-672DB291AC65}.Debug|x64.Build.0 = Debug|Any CPU
		{79BE42A5-7181-46B1-9E5A-672DB291AC65}.Debug|x86.ActiveCfg = Debug|Any CPU
		{79BE42A5-7181-46B1-9E5A-672DB291AC65}.Debug|x86.Build.0 = Debug|Any CPU
		{79BE42A5-7181-46B1-9E5A-672DB291AC65}.Release|Any CPU.ActiveCfg = Release|Any CPU
		{79BE42A5-7181-46B1-9E5A-672DB291AC65}.Release|Any CPU.Build.0 = Release|Any CPU
		{79BE42A5-7181-46B1-9E5A-672DB291AC65}.Release|x64.ActiveCfg = Release|Any CPU
		{79BE42A5-7181-46B1-9E5A-672DB291AC65}.Release|x64.Build.0 = Release|Any CPU
		{79BE42A5-7181-46B1-9E5A-672DB291AC65}.Release|x86.ActiveCfg = Release|Any CPU
		{79BE42A5-7181-46B1-9E5A-672DB291AC65}.Release|x86.Build.0 = Release|Any CPU
		{7899EC36-67D5-4507-9CDC-69E6AAD6612C}.Debug|Any CPU.ActiveCfg = Debug|Any CPU
		{7899EC36-67D5-4507-9CDC-69E6AAD6612C}.Debug|Any CPU.Build.0 = Debug|Any CPU
		{7899EC36-67D5-4507-9CDC-69E6AAD6612C}.Debug|x64.ActiveCfg = Debug|Any CPU
		{7899EC36-67D5-4507-9CDC-69E6AAD6612C}.Debug|x64.Build.0 = Debug|Any CPU
		{7899EC36-67D5-4507-9CDC-69E6AAD6612C}.Debug|x86.ActiveCfg = Debug|Any CPU
		{7899EC36-67D5-4507-9CDC-69E6AAD6612C}.Debug|x86.Build.0 = Debug|Any CPU
		{7899EC36-67D5-4507-9CDC-69E6AAD6612C}.Release|Any CPU.ActiveCfg = Release|Any CPU
		{7899EC36-67D5-4507-9CDC-69E6AAD6612C}.Release|Any CPU.Build.0 = Release|Any CPU
		{7899EC36-67D5-4507-9CDC-69E6AAD6612C}.Release|x64.ActiveCfg = Release|Any CPU
		{7899EC36-67D5-4507-9CDC-69E6AAD6612C}.Release|x64.Build.0 = Release|Any CPU
		{7899EC36-67D5-4507-9CDC-69E6AAD6612C}.Release|x86.ActiveCfg = Release|Any CPU
		{7899EC36-67D5-4507-9CDC-69E6AAD6612C}.Release|x86.Build.0 = Release|Any CPU
		{1645972C-3F67-49EF-8986-64561E3EB162}.Debug|Any CPU.ActiveCfg = Debug|Any CPU
		{1645972C-3F67-49EF-8986-64561E3EB162}.Debug|Any CPU.Build.0 = Debug|Any CPU
		{1645972C-3F67-49EF-8986-64561E3EB162}.Debug|x64.ActiveCfg = Debug|Any CPU
		{1645972C-3F67-49EF-8986-64561E3EB162}.Debug|x64.Build.0 = Debug|Any CPU
		{1645972C-3F67-49EF-8986-64561E3EB162}.Debug|x86.ActiveCfg = Debug|Any CPU
		{1645972C-3F67-49EF-8986-64561E3EB162}.Debug|x86.Build.0 = Debug|Any CPU
		{1645972C-3F67-49EF-8986-64561E3EB162}.Release|Any CPU.ActiveCfg = Release|Any CPU
		{1645972C-3F67-49EF-8986-64561E3EB162}.Release|Any CPU.Build.0 = Release|Any CPU
		{1645972C-3F67-49EF-8986-64561E3EB162}.Release|x64.ActiveCfg = Release|Any CPU
		{1645972C-3F67-49EF-8986-64561E3EB162}.Release|x64.Build.0 = Release|Any CPU
		{1645972C-3F67-49EF-8986-64561E3EB162}.Release|x86.ActiveCfg = Release|Any CPU
		{1645972C-3F67-49EF-8986-64561E3EB162}.Release|x86.Build.0 = Release|Any CPU
		{8F14C186-E862-4AB9-9CB9-36D3169487B0}.Debug|Any CPU.ActiveCfg = Debug|Any CPU
		{8F14C186-E862-4AB9-9CB9-36D3169487B0}.Debug|Any CPU.Build.0 = Debug|Any CPU
		{8F14C186-E862-4AB9-9CB9-36D3169487B0}.Debug|x64.ActiveCfg = Debug|Any CPU
		{8F14C186-E862-4AB9-9CB9-36D3169487B0}.Debug|x64.Build.0 = Debug|Any CPU
		{8F14C186-E862-4AB9-9CB9-36D3169487B0}.Debug|x86.ActiveCfg = Debug|Any CPU
		{8F14C186-E862-4AB9-9CB9-36D3169487B0}.Debug|x86.Build.0 = Debug|Any CPU
		{8F14C186-E862-4AB9-9CB9-36D3169487B0}.Release|Any CPU.ActiveCfg = Release|Any CPU
		{8F14C186-E862-4AB9-9CB9-36D3169487B0}.Release|Any CPU.Build.0 = Release|Any CPU
		{8F14C186-E862-4AB9-9CB9-36D3169487B0}.Release|x64.ActiveCfg = Release|Any CPU
		{8F14C186-E862-4AB9-9CB9-36D3169487B0}.Release|x64.Build.0 = Release|Any CPU
		{8F14C186-E862-4AB9-9CB9-36D3169487B0}.Release|x86.ActiveCfg = Release|Any CPU
		{8F14C186-E862-4AB9-9CB9-36D3169487B0}.Release|x86.Build.0 = Release|Any CPU
		{91313744-F5DF-44D0-8A18-50E1EABC182E}.Debug|Any CPU.ActiveCfg = Debug|Any CPU
		{91313744-F5DF-44D0-8A18-50E1EABC182E}.Debug|Any CPU.Build.0 = Debug|Any CPU
		{91313744-F5DF-44D0-8A18-50E1EABC182E}.Debug|x64.ActiveCfg = Debug|Any CPU
		{91313744-F5DF-44D0-8A18-50E1EABC182E}.Debug|x64.Build.0 = Debug|Any CPU
		{91313744-F5DF-44D0-8A18-50E1EABC182E}.Debug|x86.ActiveCfg = Debug|Any CPU
		{91313744-F5DF-44D0-8A18-50E1EABC182E}.Debug|x86.Build.0 = Debug|Any CPU
		{91313744-F5DF-44D0-8A18-50E1EABC182E}.Release|Any CPU.ActiveCfg = Release|Any CPU
		{91313744-F5DF-44D0-8A18-50E1EABC182E}.Release|Any CPU.Build.0 = Release|Any CPU
		{91313744-F5DF-44D0-8A18-50E1EABC182E}.Release|x64.ActiveCfg = Release|Any CPU
		{91313744-F5DF-44D0-8A18-50E1EABC182E}.Release|x64.Build.0 = Release|Any CPU
		{91313744-F5DF-44D0-8A18-50E1EABC182E}.Release|x86.ActiveCfg = Release|Any CPU
		{91313744-F5DF-44D0-8A18-50E1EABC182E}.Release|x86.Build.0 = Release|Any CPU
		{A1B2C3D4-E5F6-7890-ABCD-EF1234567890}.Debug|Any CPU.ActiveCfg = Debug|Any CPU
		{A1B2C3D4-E5F6-7890-ABCD-EF1234567890}.Debug|Any CPU.Build.0 = Debug|Any CPU
		{A1B2C3D4-E5F6-7890-ABCD-EF1234567890}.Debug|x64.ActiveCfg = Debug|Any CPU
		{A1B2C3D4-E5F6-7890-ABCD-EF1234567890}.Debug|x64.Build.0 = Debug|Any CPU
		{A1B2C3D4-E5F6-7890-ABCD-EF1234567890}.Debug|x86.ActiveCfg = Debug|Any CPU
		{A1B2C3D4-E5F6-7890-ABCD-EF1234567890}.Debug|x86.Build.0 = Debug|Any CPU
		{A1B2C3D4-E5F6-7890-ABCD-EF1234567890}.Release|Any CPU.ActiveCfg = Release|Any CPU
		{A1B2C3D4-E5F6-7890-ABCD-EF1234567890}.Release|Any CPU.Build.0 = Release|Any CPU
		{A1B2C3D4-E5F6-7890-ABCD-EF1234567890}.Release|x64.ActiveCfg = Release|Any CPU
		{A1B2C3D4-E5F6-7890-ABCD-EF1234567890}.Release|x64.Build.0 = Release|Any CPU
		{A1B2C3D4-E5F6-7890-ABCD-EF1234567890}.Release|x86.ActiveCfg = Release|Any CPU
		{A1B2C3D4-E5F6-7890-ABCD-EF1234567890}.Release|x86.Build.0 = Release|Any CPU
		{06452F27-AB6C-48D8-9223-F4D3AEBD01CE}.Debug|Any CPU.ActiveCfg = Debug|Any CPU
		{06452F27-AB6C-48D8-9223-F4D3AEBD01CE}.Debug|Any CPU.Build.0 = Debug|Any CPU
		{06452F27-AB6C-48D8-9223-F4D3AEBD01CE}.Debug|x64.ActiveCfg = Debug|Any CPU
		{06452F27-AB6C-48D8-9223-F4D3AEBD01CE}.Debug|x64.Build.0 = Debug|Any CPU
		{06452F27-AB6C-48D8-9223-F4D3AEBD01CE}.Debug|x86.ActiveCfg = Debug|Any CPU
		{06452F27-AB6C-48D8-9223-F4D3AEBD01CE}.Debug|x86.Build.0 = Debug|Any CPU
		{06452F27-AB6C-48D8-9223-F4D3AEBD01CE}.Release|Any CPU.ActiveCfg = Release|Any CPU
		{06452F27-AB6C-48D8-9223-F4D3AEBD01CE}.Release|Any CPU.Build.0 = Release|Any CPU
		{06452F27-AB6C-48D8-9223-F4D3AEBD01CE}.Release|x64.ActiveCfg = Release|Any CPU
		{06452F27-AB6C-48D8-9223-F4D3AEBD01CE}.Release|x64.Build.0 = Release|Any CPU
		{06452F27-AB6C-48D8-9223-F4D3AEBD01CE}.Release|x86.ActiveCfg = Release|Any CPU
		{06452F27-AB6C-48D8-9223-F4D3AEBD01CE}.Release|x86.Build.0 = Release|Any CPU
		{CA2B6C59-36AB-4E6B-8CF5-C643079ECFF9}.Debug|Any CPU.ActiveCfg = Debug|Any CPU
		{CA2B6C59-36AB-4E6B-8CF5-C643079ECFF9}.Debug|Any CPU.Build.0 = Debug|Any CPU
		{CA2B6C59-36AB-4E6B-8CF5-C643079ECFF9}.Debug|x64.ActiveCfg = Debug|Any CPU
		{CA2B6C59-36AB-4E6B-8CF5-C643079ECFF9}.Debug|x64.Build.0 = Debug|Any CPU
		{CA2B6C59-36AB-4E6B-8CF5-C643079ECFF9}.Debug|x86.ActiveCfg = Debug|Any CPU
		{CA2B6C59-36AB-4E6B-8CF5-C643079ECFF9}.Debug|x86.Build.0 = Debug|Any CPU
		{CA2B6C59-36AB-4E6B-8CF5-C643079ECFF9}.Release|Any CPU.ActiveCfg = Release|Any CPU
		{CA2B6C59-36AB-4E6B-8CF5-C643079ECFF9}.Release|Any CPU.Build.0 = Release|Any CPU
		{CA2B6C59-36AB-4E6B-8CF5-C643079ECFF9}.Release|x64.ActiveCfg = Release|Any CPU
		{CA2B6C59-36AB-4E6B-8CF5-C643079ECFF9}.Release|x64.Build.0 = Release|Any CPU
		{CA2B6C59-36AB-4E6B-8CF5-C643079ECFF9}.Release|x86.ActiveCfg = Release|Any CPU
		{CA2B6C59-36AB-4E6B-8CF5-C643079ECFF9}.Release|x86.Build.0 = Release|Any CPU
		{E3D082EF-EAAD-415B-BDAC-818538D41E9B}.Debug|Any CPU.ActiveCfg = Debug|Any CPU
		{E3D082EF-EAAD-415B-BDAC-818538D41E9B}.Debug|Any CPU.Build.0 = Debug|Any CPU
		{E3D082EF-EAAD-415B-BDAC-818538D41E9B}.Debug|x64.ActiveCfg = Debug|Any CPU
		{E3D082EF-EAAD-415B-BDAC-818538D41E9B}.Debug|x64.Build.0 = Debug|Any CPU
		{E3D082EF-EAAD-415B-BDAC-818538D41E9B}.Debug|x86.ActiveCfg = Debug|Any CPU
		{E3D082EF-EAAD-415B-BDAC-818538D41E9B}.Debug|x86.Build.0 = Debug|Any CPU
		{E3D082EF-EAAD-415B-BDAC-818538D41E9B}.Release|Any CPU.ActiveCfg = Release|Any CPU
		{E3D082EF-EAAD-415B-BDAC-818538D41E9B}.Release|Any CPU.Build.0 = Release|Any CPU
		{E3D082EF-EAAD-415B-BDAC-818538D41E9B}.Release|x64.ActiveCfg = Release|Any CPU
		{E3D082EF-EAAD-415B-BDAC-818538D41E9B}.Release|x64.Build.0 = Release|Any CPU
		{E3D082EF-EAAD-415B-BDAC-818538D41E9B}.Release|x86.ActiveCfg = Release|Any CPU
		{E3D082EF-EAAD-415B-BDAC-818538D41E9B}.Release|x86.Build.0 = Release|Any CPU
		{F58AA4E3-1731-44AC-AE06-78412495F140}.Debug|Any CPU.ActiveCfg = Debug|Any CPU
		{F58AA4E3-1731-44AC-AE06-78412495F140}.Debug|Any CPU.Build.0 = Debug|Any CPU
		{F58AA4E3-1731-44AC-AE06-78412495F140}.Debug|x64.ActiveCfg = Debug|Any CPU
		{F58AA4E3-1731-44AC-AE06-78412495F140}.Debug|x64.Build.0 = Debug|Any CPU
		{F58AA4E3-1731-44AC-AE06-78412495F140}.Debug|x86.ActiveCfg = Debug|Any CPU
		{F58AA4E3-1731-44AC-AE06-78412495F140}.Debug|x86.Build.0 = Debug|Any CPU
		{F58AA4E3-1731-44AC-AE06-78412495F140}.Release|Any CPU.ActiveCfg = Release|Any CPU
		{F58AA4E3-1731-44AC-AE06-78412495F140}.Release|Any CPU.Build.0 = Release|Any CPU
		{F58AA4E3-1731-44AC-AE06-78412495F140}.Release|x64.ActiveCfg = Release|Any CPU
		{F58AA4E3-1731-44AC-AE06-78412495F140}.Release|x64.Build.0 = Release|Any CPU
		{F58AA4E3-1731-44AC-AE06-78412495F140}.Release|x86.ActiveCfg = Release|Any CPU
		{F58AA4E3-1731-44AC-AE06-78412495F140}.Release|x86.Build.0 = Release|Any CPU
		{66993AAB-B96C-48D7-917E-A1865ABFDCB1}.Debug|Any CPU.ActiveCfg = Debug|Any CPU
		{66993AAB-B96C-48D7-917E-A1865ABFDCB1}.Debug|Any CPU.Build.0 = Debug|Any CPU
		{66993AAB-B96C-48D7-917E-A1865ABFDCB1}.Debug|x64.ActiveCfg = Debug|Any CPU
		{66993AAB-B96C-48D7-917E-A1865ABFDCB1}.Debug|x64.Build.0 = Debug|Any CPU
		{66993AAB-B96C-48D7-917E-A1865ABFDCB1}.Debug|x86.ActiveCfg = Debug|Any CPU
		{66993AAB-B96C-48D7-917E-A1865ABFDCB1}.Debug|x86.Build.0 = Debug|Any CPU
		{66993AAB-B96C-48D7-917E-A1865ABFDCB1}.Release|Any CPU.ActiveCfg = Release|Any CPU
		{66993AAB-B96C-48D7-917E-A1865ABFDCB1}.Release|Any CPU.Build.0 = Release|Any CPU
		{66993AAB-B96C-48D7-917E-A1865ABFDCB1}.Release|x64.ActiveCfg = Release|Any CPU
		{66993AAB-B96C-48D7-917E-A1865ABFDCB1}.Release|x64.Build.0 = Release|Any CPU
		{66993AAB-B96C-48D7-917E-A1865ABFDCB1}.Release|x86.ActiveCfg = Release|Any CPU
		{66993AAB-B96C-48D7-917E-A1865ABFDCB1}.Release|x86.Build.0 = Release|Any CPU
		{03BDCAF9-62A3-48DA-98E1-BBA4D0380B48}.Debug|Any CPU.ActiveCfg = Debug|Any CPU
		{03BDCAF9-62A3-48DA-98E1-BBA4D0380B48}.Debug|Any CPU.Build.0 = Debug|Any CPU
		{03BDCAF9-62A3-48DA-98E1-BBA4D0380B48}.Debug|x64.ActiveCfg = Debug|Any CPU
		{03BDCAF9-62A3-48DA-98E1-BBA4D0380B48}.Debug|x64.Build.0 = Debug|Any CPU
		{03BDCAF9-62A3-48DA-98E1-BBA4D0380B48}.Debug|x86.ActiveCfg = Debug|Any CPU
		{03BDCAF9-62A3-48DA-98E1-BBA4D0380B48}.Debug|x86.Build.0 = Debug|Any CPU
		{03BDCAF9-62A3-48DA-98E1-BBA4D0380B48}.Release|Any CPU.ActiveCfg = Release|Any CPU
		{03BDCAF9-62A3-48DA-98E1-BBA4D0380B48}.Release|Any CPU.Build.0 = Release|Any CPU
		{03BDCAF9-62A3-48DA-98E1-BBA4D0380B48}.Release|x64.ActiveCfg = Release|Any CPU
		{03BDCAF9-62A3-48DA-98E1-BBA4D0380B48}.Release|x64.Build.0 = Release|Any CPU
		{03BDCAF9-62A3-48DA-98E1-BBA4D0380B48}.Release|x86.ActiveCfg = Release|Any CPU
		{03BDCAF9-62A3-48DA-98E1-BBA4D0380B48}.Release|x86.Build.0 = Release|Any CPU
		{383DB7C1-571A-43E6-8E0B-84CE32674203}.Debug|Any CPU.ActiveCfg = Debug|Any CPU
		{383DB7C1-571A-43E6-8E0B-84CE32674203}.Debug|Any CPU.Build.0 = Debug|Any CPU
		{383DB7C1-571A-43E6-8E0B-84CE32674203}.Debug|x64.ActiveCfg = Debug|Any CPU
		{383DB7C1-571A-43E6-8E0B-84CE32674203}.Debug|x64.Build.0 = Debug|Any CPU
		{383DB7C1-571A-43E6-8E0B-84CE32674203}.Debug|x86.ActiveCfg = Debug|Any CPU
		{383DB7C1-571A-43E6-8E0B-84CE32674203}.Debug|x86.Build.0 = Debug|Any CPU
		{383DB7C1-571A-43E6-8E0B-84CE32674203}.Release|Any CPU.ActiveCfg = Release|Any CPU
		{383DB7C1-571A-43E6-8E0B-84CE32674203}.Release|Any CPU.Build.0 = Release|Any CPU
		{383DB7C1-571A-43E6-8E0B-84CE32674203}.Release|x64.ActiveCfg = Release|Any CPU
		{383DB7C1-571A-43E6-8E0B-84CE32674203}.Release|x64.Build.0 = Release|Any CPU
		{383DB7C1-571A-43E6-8E0B-84CE32674203}.Release|x86.ActiveCfg = Release|Any CPU
		{383DB7C1-571A-43E6-8E0B-84CE32674203}.Release|x86.Build.0 = Release|Any CPU
		{D74FA3E6-1612-4178-83FD-0A3F9E9B3855}.Debug|Any CPU.ActiveCfg = Debug|Any CPU
		{D74FA3E6-1612-4178-83FD-0A3F9E9B3855}.Debug|Any CPU.Build.0 = Debug|Any CPU
		{D74FA3E6-1612-4178-83FD-0A3F9E9B3855}.Debug|x64.ActiveCfg = Debug|Any CPU
		{D74FA3E6-1612-4178-83FD-0A3F9E9B3855}.Debug|x64.Build.0 = Debug|Any CPU
		{D74FA3E6-1612-4178-83FD-0A3F9E9B3855}.Debug|x86.ActiveCfg = Debug|Any CPU
		{D74FA3E6-1612-4178-83FD-0A3F9E9B3855}.Debug|x86.Build.0 = Debug|Any CPU
		{D74FA3E6-1612-4178-83FD-0A3F9E9B3855}.Release|Any CPU.ActiveCfg = Release|Any CPU
		{D74FA3E6-1612-4178-83FD-0A3F9E9B3855}.Release|Any CPU.Build.0 = Release|Any CPU
		{D74FA3E6-1612-4178-83FD-0A3F9E9B3855}.Release|x64.ActiveCfg = Release|Any CPU
		{D74FA3E6-1612-4178-83FD-0A3F9E9B3855}.Release|x64.Build.0 = Release|Any CPU
		{D74FA3E6-1612-4178-83FD-0A3F9E9B3855}.Release|x86.ActiveCfg = Release|Any CPU
		{D74FA3E6-1612-4178-83FD-0A3F9E9B3855}.Release|x86.Build.0 = Release|Any CPU
		{880254FB-5FF5-4E1A-B05F-9FC40CD56422}.Debug|Any CPU.ActiveCfg = Debug|Any CPU
		{880254FB-5FF5-4E1A-B05F-9FC40CD56422}.Debug|Any CPU.Build.0 = Debug|Any CPU
		{880254FB-5FF5-4E1A-B05F-9FC40CD56422}.Debug|x64.ActiveCfg = Debug|Any CPU
		{880254FB-5FF5-4E1A-B05F-9FC40CD56422}.Debug|x64.Build.0 = Debug|Any CPU
		{880254FB-5FF5-4E1A-B05F-9FC40CD56422}.Debug|x86.ActiveCfg = Debug|Any CPU
		{880254FB-5FF5-4E1A-B05F-9FC40CD56422}.Debug|x86.Build.0 = Debug|Any CPU
		{880254FB-5FF5-4E1A-B05F-9FC40CD56422}.Release|Any CPU.ActiveCfg = Release|Any CPU
		{880254FB-5FF5-4E1A-B05F-9FC40CD56422}.Release|Any CPU.Build.0 = Release|Any CPU
		{880254FB-5FF5-4E1A-B05F-9FC40CD56422}.Release|x64.ActiveCfg = Release|Any CPU
		{880254FB-5FF5-4E1A-B05F-9FC40CD56422}.Release|x64.Build.0 = Release|Any CPU
		{880254FB-5FF5-4E1A-B05F-9FC40CD56422}.Release|x86.ActiveCfg = Release|Any CPU
		{880254FB-5FF5-4E1A-B05F-9FC40CD56422}.Release|x86.Build.0 = Release|Any CPU
	EndGlobalSection
	GlobalSection(SolutionProperties) = preSolution
		HideSolutionNode = FALSE
	EndGlobalSection
	GlobalSection(ExtensibilityGlobals) = postSolution
		SolutionGuid = {32F34DB0-0440-4B3B-9DCA-9025689CB91D}
	EndGlobalSection
EndGlobal
